
Microsoft Visual Studio Solution File, Format Version 12.00
# Visual Studio Version 17
VisualStudioVersion = 17.0.32014.148
MinimumVisualStudioVersion = 10.0.40219.1
Project("{FAE04EC0-301F-11D3-BF4B-00C04F79EFBC}") = "LogicApp", "LogicApp\LogicApp.csproj", "{19531944-0A4A-4B04-BF2F-29A374AF4361}"
EndProject
Global
	GlobalSection(SolutionConfigurationPlatforms) = preSolution
		Debug|Any CPU = Debug|Any CPU
		Release|Any CPU = Release|Any CPU
	EndGlobalSection
	GlobalSection(ProjectConfigurationPlatforms) = postSolution
		{19531944-0A4A-4B04-BF2F-29A374AF4361}.Debug|Any CPU.ActiveCfg = Debug|Any CPU
		{19531944-0A4A-4B04-BF2F-29A374AF4361}.Debug|Any CPU.Build.0 = Debug|Any CPU
		{19531944-0A4A-4B04-BF2F-29A374AF4361}.Release|Any CPU.ActiveCfg = Release|Any CPU
		{19531944-0A4A-4B04-BF2F-29A374AF4361}.Release|Any CPU.Build.0 = Release|Any CPU
	EndGlobalSection
	GlobalSection(SolutionProperties) = preSolution
		HideSolutionNode = FALSE
	EndGlobalSection
	GlobalSection(ExtensibilityGlobals) = postSolution
		SolutionGuid = {6EAE0955-F54D-42E5-B87A-B79E443C737C}
	EndGlobalSection
EndGlobal
